
Microsoft Visual Studio Solution File, Format Version 12.00
# Visual Studio Version 17
VisualStudioVersion = 17.14.36221.1 d17.14
MinimumVisualStudioVersion = 10.0.40219.1
Project("{FAE04EC0-301F-11D3-BF4B-00C04F79EFBC}") = "ModYourKaiju.Plugin", "ModYourKaiju.Plugin.csproj", "{C1DA2870-073B-A8A2-3960-EB603B895F27}"
EndProject
Global
	GlobalSection(SolutionConfigurationPlatforms) = preSolution
		Debug|Any CPU = Debug|Any CPU
		Release|Any CPU = Release|Any CPU
	EndGlobalSection
	GlobalSection(ProjectConfigurationPlatforms) = postSolution
		{C1DA2870-073B-A8A2-3960-EB603B895F27}.Debug|Any CPU.ActiveCfg = Debug|Any CPU
		{C1DA2870-073B-A8A2-3960-EB603B895F27}.Debug|Any CPU.Build.0 = Debug|Any CPU
		{C1DA2870-073B-A8A2-3960-EB603B895F27}.Release|Any CPU.ActiveCfg = Release|Any CPU
		{C1DA2870-073B-A8A2-3960-EB603B895F27}.Release|Any CPU.Build.0 = Release|Any CPU
	EndGlobalSection
	GlobalSection(SolutionProperties) = preSolution
		HideSolutionNode = FALSE
	EndGlobalSection
	GlobalSection(ExtensibilityGlobals) = postSolution
		SolutionGuid = {DF79326E-F131-4B0D-8E44-BC983123E45B}
	EndGlobalSection
EndGlobal
